// !$*UTF8*$!
{
	archiveVersion = 1;
	classes = {
	};
	objectVersion = 55;
	objects = {

/* Begin PBXBuildFile section */
		573DE28F28123160009917F9 /* WorkingItem.swift in Sources */ = {isa = PBXBuildFile; fileRef = 573DE28E28123160009917F9 /* WorkingItem.swift */; };
		5792189E2810DCAD001787B3 /* MenuBarView.swift in Sources */ = {isa = PBXBuildFile; fileRef = 5792189D2810DCAD001787B3 /* MenuBarView.swift */; };
		579218A12810E70E001787B3 /* ZjoocVM.swift in Sources */ = {isa = PBXBuildFile; fileRef = 579218A02810E70E001787B3 /* ZjoocVM.swift */; };
		579218A32810E9C9001787B3 /* MenuView.swift in Sources */ = {isa = PBXBuildFile; fileRef = 579218A22810E9C9001787B3 /* MenuView.swift */; };
		57C63AEA2810490D00F7B113 /* ZjoocHelperApp.swift in Sources */ = {isa = PBXBuildFile; fileRef = 57C63AE92810490D00F7B113 /* ZjoocHelperApp.swift */; };
		57C63AEC2810490D00F7B113 /* ContentView.swift in Sources */ = {isa = PBXBuildFile; fileRef = 57C63AEB2810490D00F7B113 /* ContentView.swift */; };
		57C63AEE2810490F00F7B113 /* Assets.xcassets in Resources */ = {isa = PBXBuildFile; fileRef = 57C63AED2810490F00F7B113 /* Assets.xcassets */; };
		57C63AF12810490F00F7B113 /* Preview Assets.xcassets in Resources */ = {isa = PBXBuildFile; fileRef = 57C63AF02810490F00F7B113 /* Preview Assets.xcassets */; };
		57C63AF92810494300F7B113 /* AppDelegate.swift in Sources */ = {isa = PBXBuildFile; fileRef = 57C63AF82810494200F7B113 /* AppDelegate.swift */; };
/* End PBXBuildFile section */

/* Begin PBXFileReference section */
		573DE28E28123160009917F9 /* WorkingItem.swift */ = {isa = PBXFileReference; lastKnownFileType = sourcecode.swift; path = WorkingItem.swift; sourceTree = "<group>"; };
		5792189D2810DCAD001787B3 /* MenuBarView.swift */ = {isa = PBXFileReference; lastKnownFileType = sourcecode.swift; path = MenuBarView.swift; sourceTree = "<group>"; };
		5792189F2810E2D7001787B3 /* Info.plist */ = {isa = PBXFileReference; lastKnownFileType = text.plist; path = Info.plist; sourceTree = "<group>"; };
		579218A02810E70E001787B3 /* ZjoocVM.swift */ = {isa = PBXFileReference; lastKnownFileType = sourcecode.swift; path = ZjoocVM.swift; sourceTree = "<group>"; };
		579218A22810E9C9001787B3 /* MenuView.swift */ = {isa = PBXFileReference; lastKnownFileType = sourcecode.swift; path = MenuView.swift; sourceTree = "<group>"; };
		57C63AE62810490D00F7B113 /* ZjoocHelper.app */ = {isa = PBXFileReference; explicitFileType = wrapper.application; includeInIndex = 0; path = ZjoocHelper.app; sourceTree = BUILT_PRODUCTS_DIR; };
		57C63AE92810490D00F7B113 /* ZjoocHelperApp.swift */ = {isa = PBXFileReference; lastKnownFileType = sourcecode.swift; path = ZjoocHelperApp.swift; sourceTree = "<group>"; };
		57C63AEB2810490D00F7B113 /* ContentView.swift */ = {isa = PBXFileReference; lastKnownFileType = sourcecode.swift; path = ContentView.swift; sourceTree = "<group>"; };
		57C63AED2810490F00F7B113 /* Assets.xcassets */ = {isa = PBXFileReference; lastKnownFileType = folder.assetcatalog; path = Assets.xcassets; sourceTree = "<group>"; };
		57C63AF02810490F00F7B113 /* Preview Assets.xcassets */ = {isa = PBXFileReference; lastKnownFileType = folder.assetcatalog; path = "Preview Assets.xcassets"; sourceTree = "<group>"; };
		57C63AF22810490F00F7B113 /* ZjoocHelper.entitlements */ = {isa = PBXFileReference; lastKnownFileType = text.plist.entitlements; path = ZjoocHelper.entitlements; sourceTree = "<group>"; };
		57C63AF82810494200F7B113 /* AppDelegate.swift */ = {isa = PBXFileReference; lastKnownFileType = sourcecode.swift; path = AppDelegate.swift; sourceTree = "<group>"; };
/* End PBXFileReference section */

/* Begin PBXFrameworksBuildPhase section */
		57C63AE32810490D00F7B113 /* Frameworks */ = {
			isa = PBXFrameworksBuildPhase;
			buildActionMask = 2147483647;
			files = (
			);
			runOnlyForDeploymentPostprocessing = 0;
		};
/* End PBXFrameworksBuildPhase section */

/* Begin PBXGroup section */
		573DE28D2812312B009917F9 /* models */ = {
			isa = PBXGroup;
			children = (
				573DE28E28123160009917F9 /* WorkingItem.swift */,
			);
			path = models;
			sourceTree = "<group>";
		};
		57C63ADD2810490D00F7B113 = {
			isa = PBXGroup;
			children = (
				57C63AE82810490D00F7B113 /* ZjoocHelper */,
				57C63AE72810490D00F7B113 /* Products */,
			);
			sourceTree = "<group>";
		};
		57C63AE72810490D00F7B113 /* Products */ = {
			isa = PBXGroup;
			children = (
				57C63AE62810490D00F7B113 /* ZjoocHelper.app */,
			);
			name = Products;
			sourceTree = "<group>";
		};
		57C63AE82810490D00F7B113 /* ZjoocHelper */ = {
			isa = PBXGroup;
			children = (
				573DE28D2812312B009917F9 /* models */,
				5792189F2810E2D7001787B3 /* Info.plist */,
				5792189D2810DCAD001787B3 /* MenuBarView.swift */,
				57C63AE92810490D00F7B113 /* ZjoocHelperApp.swift */,
				57C63AEB2810490D00F7B113 /* ContentView.swift */,
				57C63AED2810490F00F7B113 /* Assets.xcassets */,
				57C63AF22810490F00F7B113 /* ZjoocHelper.entitlements */,
				57C63AEF2810490F00F7B113 /* Preview Content */,
				57C63AF82810494200F7B113 /* AppDelegate.swift */,
				579218A02810E70E001787B3 /* ZjoocVM.swift */,
				579218A22810E9C9001787B3 /* MenuView.swift */,
			);
			path = ZjoocHelper;
			sourceTree = "<group>";
		};
		57C63AEF2810490F00F7B113 /* Preview Content */ = {
			isa = PBXGroup;
			children = (
				57C63AF02810490F00F7B113 /* Preview Assets.xcassets */,
			);
			path = "Preview Content";
			sourceTree = "<group>";
		};
/* End PBXGroup section */

/* Begin PBXNativeTarget section */
		57C63AE52810490D00F7B113 /* ZjoocHelper */ = {
			isa = PBXNativeTarget;
			buildConfigurationList = 57C63AF52810490F00F7B113 /* Build configuration list for PBXNativeTarget "ZjoocHelper" */;
			buildPhases = (
				57C63AE22810490D00F7B113 /* Sources */,
				57C63AE32810490D00F7B113 /* Frameworks */,
				57C63AE42810490D00F7B113 /* Resources */,
			);
			buildRules = (
			);
			dependencies = (
			);
			name = ZjoocHelper;
			productName = ZjoocHelper;
			productReference = 57C63AE62810490D00F7B113 /* ZjoocHelper.app */;
			productType = "com.apple.product-type.application";
		};
/* End PBXNativeTarget section */

/* Begin PBXProject section */
		57C63ADE2810490D00F7B113 /* Project object */ = {
			isa = PBXProject;
			attributes = {
				BuildIndependentTargetsInParallel = 1;
				LastSwiftUpdateCheck = 1320;
				LastUpgradeCheck = 1320;
				TargetAttributes = {
					57C63AE52810490D00F7B113 = {
						CreatedOnToolsVersion = 13.2.1;
					};
				};
			};
			buildConfigurationList = 57C63AE12810490D00F7B113 /* Build configuration list for PBXProject "ZjoocHelper" */;
			compatibilityVersion = "Xcode 13.0";
			developmentRegion = en;
			hasScannedForEncodings = 0;
			knownRegions = (
				en,
				Base,
			);
			mainGroup = 57C63ADD2810490D00F7B113;
			productRefGroup = 57C63AE72810490D00F7B113 /* Products */;
			projectDirPath = "";
			projectRoot = "";
			targets = (
				57C63AE52810490D00F7B113 /* ZjoocHelper */,
			);
		};
/* End PBXProject section */

/* Begin PBXResourcesBuildPhase section */
		57C63AE42810490D00F7B113 /* Resources */ = {
			isa = PBXResourcesBuildPhase;
			buildActionMask = 2147483647;
			files = (
				57C63AF12810490F00F7B113 /* Preview Assets.xcassets in Resources */,
				57C63AEE2810490F00F7B113 /* Assets.xcassets in Resources */,
			);
			runOnlyForDeploymentPostprocessing = 0;
		};
/* End PBXResourcesBuildPhase section */

/* Begin PBXSourcesBuildPhase section */
		57C63AE22810490D00F7B113 /* Sources */ = {
			isa = PBXSourcesBuildPhase;
			buildActionMask = 2147483647;
			files = (
				57C63AF92810494300F7B113 /* AppDelegate.swift in Sources */,
				579218A32810E9C9001787B3 /* MenuView.swift in Sources */,
				5792189E2810DCAD001787B3 /* MenuBarView.swift in Sources */,
				57C63AEC2810490D00F7B113 /* ContentView.swift in Sources */,
				573DE28F28123160009917F9 /* WorkingItem.swift in Sources */,
				57C63AEA2810490D00F7B113 /* ZjoocHelperApp.swift in Sources */,
				579218A12810E70E001787B3 /* ZjoocVM.swift in Sources */,
			);
			runOnlyForDeploymentPostprocessing = 0;
		};
/* End PBXSourcesBuildPhase section */

/* Begin XCBuildConfiguration section */
		57C63AF32810490F00F7B113 /* Debug */ = {
			isa = XCBuildConfiguration;
			buildSettings = {
				ALWAYS_SEARCH_USER_PATHS = NO;
				CLANG_ANALYZER_NONNULL = YES;
				CLANG_ANALYZER_NUMBER_OBJECT_CONVERSION = YES_AGGRESSIVE;
				CLANG_CXX_LANGUAGE_STANDARD = "gnu++17";
				CLANG_CXX_LIBRARY = "libc++";
				CLANG_ENABLE_MODULES = YES;
				CLANG_ENABLE_OBJC_ARC = YES;
				CLANG_ENABLE_OBJC_WEAK = YES;
				CLANG_WARN_BLOCK_CAPTURE_AUTORELEASING = YES;
				CLANG_WARN_BOOL_CONVERSION = YES;
				CLANG_WARN_COMMA = YES;
				CLANG_WARN_CONSTANT_CONVERSION = YES;
				CLANG_WARN_DEPRECATED_OBJC_IMPLEMENTATIONS = YES;
				CLANG_WARN_DIRECT_OBJC_ISA_USAGE = YES_ERROR;
				CLANG_WARN_DOCUMENTATION_COMMENTS = YES;
				CLANG_WARN_EMPTY_BODY = YES;
				CLANG_WARN_ENUM_CONVERSION = YES;
				CLANG_WARN_INFINITE_RECURSION = YES;
				CLANG_WARN_INT_CONVERSION = YES;
				CLANG_WARN_NON_LITERAL_NULL_CONVERSION = YES;
				CLANG_WARN_OBJC_IMPLICIT_RETAIN_SELF = YES;
				CLANG_WARN_OBJC_LITERAL_CONVERSION = YES;
				CLANG_WARN_OBJC_ROOT_CLASS = YES_ERROR;
				CLANG_WARN_QUOTED_INCLUDE_IN_FRAMEWORK_HEADER = YES;
				CLANG_WARN_RANGE_LOOP_ANALYSIS = YES;
				CLANG_WARN_STRICT_PROTOTYPES = YES;
				CLANG_WARN_SUSPICIOUS_MOVE = YES;
				CLANG_WARN_UNGUARDED_AVAILABILITY = YES_AGGRESSIVE;
				CLANG_WARN_UNREACHABLE_CODE = YES;
				CLANG_WARN__DUPLICATE_METHOD_MATCH = YES;
				COPY_PHASE_STRIP = NO;
				DEBUG_INFORMATION_FORMAT = dwarf;
				ENABLE_STRICT_OBJC_MSGSEND = YES;
				ENABLE_TESTABILITY = YES;
				GCC_C_LANGUAGE_STANDARD = gnu11;
				GCC_DYNAMIC_NO_PIC = NO;
				GCC_NO_COMMON_BLOCKS = YES;
				GCC_OPTIMIZATION_LEVEL = 0;
				GCC_PREPROCESSOR_DEFINITIONS = (
					"DEBUG=1",
					"$(inherited)",
				);
				GCC_WARN_64_TO_32_BIT_CONVERSION = YES;
				GCC_WARN_ABOUT_RETURN_TYPE = YES_ERROR;
				GCC_WARN_UNDECLARED_SELECTOR = YES;
				GCC_WARN_UNINITIALIZED_AUTOS = YES_AGGRESSIVE;
				GCC_WARN_UNUSED_FUNCTION = YES;
				GCC_WARN_UNUSED_VARIABLE = YES;
				MACOSX_DEPLOYMENT_TARGET = 11.6;
				MTL_ENABLE_DEBUG_INFO = INCLUDE_SOURCE;
				MTL_FAST_MATH = YES;
				ONLY_ACTIVE_ARCH = YES;
				SDKROOT = macosx;
				SWIFT_ACTIVE_COMPILATION_CONDITIONS = DEBUG;
				SWIFT_OPTIMIZATION_LEVEL = "-Onone";
			};
			name = Debug;
		};
		57C63AF42810490F00F7B113 /* Release */ = {
			isa = XCBuildConfiguration;
			buildSettings = {
				ALWAYS_SEARCH_USER_PATHS = NO;
				CLANG_ANALYZER_NONNULL = YES;
				CLANG_ANALYZER_NUMBER_OBJECT_CONVERSION = YES_AGGRESSIVE;
				CLANG_CXX_LANGUAGE_STANDARD = "gnu++17";
				CLANG_CXX_LIBRARY = "libc++";
				CLANG_ENABLE_MODULES = YES;
				CLANG_ENABLE_OBJC_ARC = YES;
				CLANG_ENABLE_OBJC_WEAK = YES;
				CLANG_WARN_BLOCK_CAPTURE_AUTORELEASING = YES;
				CLANG_WARN_BOOL_CONVERSION = YES;
				CLANG_WARN_COMMA = YES;
				CLANG_WARN_CONSTANT_CONVERSION = YES;
				CLANG_WARN_DEPRECATED_OBJC_IMPLEMENTATIONS = YES;
				CLANG_WARN_DIRECT_OBJC_ISA_USAGE = YES_ERROR;
				CLANG_WARN_DOCUMENTATION_COMMENTS = YES;
				CLANG_WARN_EMPTY_BODY = YES;
				CLANG_WARN_ENUM_CONVERSION = YES;
				CLANG_WARN_INFINITE_RECURSION = YES;
				CLANG_WARN_INT_CONVERSION = YES;
				CLANG_WARN_NON_LITERAL_NULL_CONVERSION = YES;
				CLANG_WARN_OBJC_IMPLICIT_RETAIN_SELF = YES;
				CLANG_WARN_OBJC_LITERAL_CONVERSION = YES;
				CLANG_WARN_OBJC_ROOT_CLASS = YES_ERROR;
				CLANG_WARN_QUOTED_INCLUDE_IN_FRAMEWORK_HEADER = YES;
				CLANG_WARN_RANGE_LOOP_ANALYSIS = YES;
				CLANG_WARN_STRICT_PROTOTYPES = YES;
				CLANG_WARN_SUSPICIOUS_MOVE = YES;
				CLANG_WARN_UNGUARDED_AVAILABILITY = YES_AGGRESSIVE;
				CLANG_WARN_UNREACHABLE_CODE = YES;
				CLANG_WARN__DUPLICATE_METHOD_MATCH = YES;
				COPY_PHASE_STRIP = NO;
				DEBUG_INFORMATION_FORMAT = "dwarf-with-dsym";
				ENABLE_NS_ASSERTIONS = NO;
				ENABLE_STRICT_OBJC_MSGSEND = YES;
				GCC_C_LANGUAGE_STANDARD = gnu11;
				GCC_NO_COMMON_BLOCKS = YES;
				GCC_WARN_64_TO_32_BIT_CONVERSION = YES;
				GCC_WARN_ABOUT_RETURN_TYPE = YES_ERROR;
				GCC_WARN_UNDECLARED_SELECTOR = YES;
				GCC_WARN_UNINITIALIZED_AUTOS = YES_AGGRESSIVE;
				GCC_WARN_UNUSED_FUNCTION = YES;
				GCC_WARN_UNUSED_VARIABLE = YES;
				MACOSX_DEPLOYMENT_TARGET = 11.6;
				MTL_ENABLE_DEBUG_INFO = NO;
				MTL_FAST_MATH = YES;
				SDKROOT = macosx;
				SWIFT_COMPILATION_MODE = wholemodule;
				SWIFT_OPTIMIZATION_LEVEL = "-O";
			};
			name = Release;
		};
		57C63AF62810490F00F7B113 /* Debug */ = {
			isa = XCBuildConfiguration;
			buildSettings = {
				ASSETCATALOG_COMPILER_APPICON_NAME = AppIcon;
				ASSETCATALOG_COMPILER_GLOBAL_ACCENT_COLOR_NAME = AccentColor;
				CODE_SIGN_ENTITLEMENTS = ZjoocHelper/ZjoocHelper.entitlements;
				CODE_SIGN_STYLE = Automatic;
				COMBINE_HIDPI_IMAGES = YES;
				CURRENT_PROJECT_VERSION = 1;
				DEVELOPMENT_ASSET_PATHS = "\"ZjoocHelper/Preview Content\"";
				DEVELOPMENT_TEAM = 4X59PHA385;
				ENABLE_HARDENED_RUNTIME = YES;
				ENABLE_PREVIEWS = YES;
				GENERATE_INFOPLIST_FILE = YES;
				INFOPLIST_FILE = ZjoocHelper/Info.plist;
				INFOPLIST_KEY_NSHumanReadableCopyright = "";
				LD_RUNPATH_SEARCH_PATHS = (
					"$(inherited)",
					"@executable_path/../Frameworks",
				);
				MACOSX_DEPLOYMENT_TARGET = 12.1;
				MARKETING_VERSION = 1.0;
				PRODUCT_BUNDLE_IDENTIFIER = com.0nefatal.idea.ZjoocHelper;
				PRODUCT_NAME = "$(TARGET_NAME)";
				SWIFT_EMIT_LOC_STRINGS = YES;
				SWIFT_VERSION = 5.0;
			};
			name = Debug;
		};
		57C63AF72810490F00F7B113 /* Release */ = {
			isa = XCBuildConfiguration;
			buildSettings = {
				ASSETCATALOG_COMPILER_APPICON_NAME = AppIcon;
				ASSETCATALOG_COMPILER_GLOBAL_ACCENT_COLOR_NAME = AccentColor;
				CODE_SIGN_ENTITLEMENTS = ZjoocHelper/ZjoocHelper.entitlements;
				CODE_SIGN_STYLE = Automatic;
				COMBINE_HIDPI_IMAGES = YES;
				CURRENT_PROJECT_VERSION = 1;
				DEVELOPMENT_ASSET_PATHS = "\"ZjoocHelper/Preview Content\"";
				DEVELOPMENT_TEAM = 4X59PHA385;
				ENABLE_HARDENED_RUNTIME = YES;
				ENABLE_PREVIEWS = YES;
				GENERATE_INFOPLIST_FILE = YES;
				INFOPLIST_FILE = ZjoocHelper/Info.plist;
				INFOPLIST_KEY_NSHumanReadableCopyright = "";
				LD_RUNPATH_SEARCH_PATHS = (
					"$(inherited)",
					"@executable_path/../Frameworks",
				);
				MACOSX_DEPLOYMENT_TARGET = 12.1;
				MARKETING_VERSION = 1.0;
				PRODUCT_BUNDLE_IDENTIFIER = com.0nefatal.idea.ZjoocHelper;
				PRODUCT_NAME = "$(TARGET_NAME)";
				SWIFT_EMIT_LOC_STRINGS = YES;
				SWIFT_VERSION = 5.0;
			};
			name = Release;
		};
/* End XCBuildConfiguration section */

/* Begin XCConfigurationList section */
		57C63AE12810490D00F7B113 /* Build configuration list for PBXProject "ZjoocHelper" */ = {
			isa = XCConfigurationList;
			buildConfigurations = (
				57C63AF32810490F00F7B113 /* Debug */,
				57C63AF42810490F00F7B113 /* Release */,
			);
			defaultConfigurationIsVisible = 0;
			defaultConfigurationName = Release;
		};
		57C63AF52810490F00F7B113 /* Build configuration list for PBXNativeTarget "ZjoocHelper" */ = {
			isa = XCConfigurationList;
			buildConfigurations = (
				57C63AF62810490F00F7B113 /* Debug */,
				57C63AF72810490F00F7B113 /* Release */,
			);
			defaultConfigurationIsVisible = 0;
			defaultConfigurationName = Release;
		};
/* End XCConfigurationList section */
	};
	rootObject = 57C63ADE2810490D00F7B113 /* Project object */;
}
